
Microsoft Visual Studio Solution File, Format Version 12.00
# Visual Studio Version 17
VisualStudioVersion = 17.14.36109.1 d17.14
MinimumVisualStudioVersion = 10.0.40219.1
Project("{FAE04EC0-301F-11D3-BF4B-00C04F79EFBC}") = "CopCR", "CopCR\CopCR.csproj", "{5B14433E-69B6-41AD-81D4-6798E4208E7C}"
EndProject
Global
	GlobalSection(SolutionConfigurationPlatforms) = preSolution
		Debug|Any CPU = Debug|Any CPU
		Release|Any CPU = Release|Any CPU
	EndGlobalSection
	GlobalSection(ProjectConfigurationPlatforms) = postSolution
		{5B14433E-69B6-41AD-81D4-6798E4208E7C}.Debug|Any CPU.ActiveCfg = Debug|Any CPU
		{5B14433E-69B6-41AD-81D4-6798E4208E7C}.Debug|Any CPU.Build.0 = Debug|Any CPU
		{5B14433E-69B6-41AD-81D4-6798E4208E7C}.Release|Any CPU.ActiveCfg = Release|Any CPU
		{5B14433E-69B6-41AD-81D4-6798E4208E7C}.Release|Any CPU.Build.0 = Release|Any CPU
	EndGlobalSection
	GlobalSection(SolutionProperties) = preSolution
		HideSolutionNode = FALSE
	EndGlobalSection
	GlobalSection(ExtensibilityGlobals) = postSolution
		SolutionGuid = {4B34C96B-6C51-4016-BB55-A63336BE775C}
	EndGlobalSection
EndGlobal
